
Microsoft Visual Studio Solution File, Format Version 12.00
# Visual Studio Version 17
VisualStudioVersion = 17.14.36623.8 d17.14
MinimumVisualStudioVersion = 10.0.40219.1
Project("{FAE04EC0-301F-11D3-BF4B-00C04F79EFBC}") = "P03_SalesDatabase", "P03_SalesDatabase\P03_SalesDatabase.csproj", "{7533F323-4656-4C43-855A-3066317FBF10}"
EndProject
Global
	GlobalSection(SolutionConfigurationPlatforms) = preSolution
		Debug|Any CPU = Debug|Any CPU
		Release|Any CPU = Release|Any CPU
	EndGlobalSection
	GlobalSection(ProjectConfigurationPlatforms) = postSolution
		{7533F323-4656-4C43-855A-3066317FBF10}.Debug|Any CPU.ActiveCfg = Debug|Any CPU
		{7533F323-4656-4C43-855A-3066317FBF10}.Debug|Any CPU.Build.0 = Debug|Any CPU
		{7533F323-4656-4C43-855A-3066317FBF10}.Release|Any CPU.ActiveCfg = Release|Any CPU
		{7533F323-4656-4C43-855A-3066317FBF10}.Release|Any CPU.Build.0 = Release|Any CPU
	EndGlobalSection
	GlobalSection(SolutionProperties) = preSolution
		HideSolutionNode = FALSE
	EndGlobalSection
	GlobalSection(ExtensibilityGlobals) = postSolution
		SolutionGuid = {AA961AB9-96B2-42F9-A5F3-C27C841E5D41}
	EndGlobalSection
EndGlobal
